
Microsoft Visual Studio Solution File, Format Version 12.00
# Visual Studio Version 17
VisualStudioVersion = 17.1.31903.286
MinimumVisualStudioVersion = 10.0.40219.1
Project("{FAE04EC0-301F-11D3-BF4B-00C04F79EFBC}") = "AdventOfCode", "AdventOfCode\AdventOfCode.csproj", "{AEC3FD0B-9AD1-4652-9FAE-FA308CABD8D9}"
EndProject
Global
	GlobalSection(SolutionConfigurationPlatforms) = preSolution
		Debug|Any CPU = Debug|Any CPU
		Release|Any CPU = Release|Any CPU
	EndGlobalSection
	GlobalSection(ProjectConfigurationPlatforms) = postSolution
		{AEC3FD0B-9AD1-4652-9FAE-FA308CABD8D9}.Debug|Any CPU.ActiveCfg = Debug|Any CPU
		{AEC3FD0B-9AD1-4652-9FAE-FA308CABD8D9}.Debug|Any CPU.Build.0 = Debug|Any CPU
		{AEC3FD0B-9AD1-4652-9FAE-FA308CABD8D9}.Release|Any CPU.ActiveCfg = Release|Any CPU
		{AEC3FD0B-9AD1-4652-9FAE-FA308CABD8D9}.Release|Any CPU.Build.0 = Release|Any CPU
	EndGlobalSection
	GlobalSection(SolutionProperties) = preSolution
		HideSolutionNode = FALSE
	EndGlobalSection
	GlobalSection(ExtensibilityGlobals) = postSolution
		SolutionGuid = {C403B35B-50C0-47AB-8850-1E2A3093FFD7}
	EndGlobalSection
EndGlobal
